
Microsoft Visual Studio Solution File, Format Version 12.00
# Visual Studio Version 16
VisualStudioVersion = 16.0.30907.101
MinimumVisualStudioVersion = 10.0.40219.1
Project("{FAE04EC0-301F-11D3-BF4B-00C04F79EFBC}") = "dotNetCoreWebApp(MVC)", "dotNetCoreWebApp(MVC)\dotNetCoreWebApp(MVC).csproj", "{FACDE944-7B70-4831-9749-6D2ACA567406}"
EndProject
Project("{FAE04EC0-301F-11D3-BF4B-00C04F79EFBC}") = "dotNetCoreWebAppEmpty", "dotNetCoreWebAppEmpty\dotNetCoreWebAppEmpty.csproj", "{6757A329-F85A-4E50-8E43-92134A20035B}"
EndProject
Project("{FAE04EC0-301F-11D3-BF4B-00C04F79EFBC}") = "dotNetCoreWebApplication", "dotNetCoreWebApplication\dotNetCoreWebApplication.csproj", "{98B3F9B5-4F18-43B9-92EC-AC697432E570}"
EndProject
Global
	GlobalSection(SolutionConfigurationPlatforms) = preSolution
		Debug|Any CPU = Debug|Any CPU
		Release|Any CPU = Release|Any CPU
	EndGlobalSection
	GlobalSection(ProjectConfigurationPlatforms) = postSolution
		{FACDE944-7B70-4831-9749-6D2ACA567406}.Debug|Any CPU.ActiveCfg = Debug|Any CPU
		{FACDE944-7B70-4831-9749-6D2ACA567406}.Debug|Any CPU.Build.0 = Debug|Any CPU
		{FACDE944-7B70-4831-9749-6D2ACA567406}.Release|Any CPU.ActiveCfg = Release|Any CPU
		{FACDE944-7B70-4831-9749-6D2ACA567406}.Release|Any CPU.Build.0 = Release|Any CPU
		{6757A329-F85A-4E50-8E43-92134A20035B}.Debug|Any CPU.ActiveCfg = Debug|Any CPU
		{6757A329-F85A-4E50-8E43-92134A20035B}.Debug|Any CPU.Build.0 = Debug|Any CPU
		{6757A329-F85A-4E50-8E43-92134A20035B}.Release|Any CPU.ActiveCfg = Release|Any CPU
		{6757A329-F85A-4E50-8E43-92134A20035B}.Release|Any CPU.Build.0 = Release|Any CPU
		{98B3F9B5-4F18-43B9-92EC-AC697432E570}.Debug|Any CPU.ActiveCfg = Debug|Any CPU
		{98B3F9B5-4F18-43B9-92EC-AC697432E570}.Debug|Any CPU.Build.0 = Debug|Any CPU
		{98B3F9B5-4F18-43B9-92EC-AC697432E570}.Release|Any CPU.ActiveCfg = Release|Any CPU
		{98B3F9B5-4F18-43B9-92EC-AC697432E570}.Release|Any CPU.Build.0 = Release|Any CPU
	EndGlobalSection
	GlobalSection(SolutionProperties) = preSolution
		HideSolutionNode = FALSE
	EndGlobalSection
	GlobalSection(ExtensibilityGlobals) = postSolution
		SolutionGuid = {67242A90-E711-40F5-AD0D-69B2D510CC43}
	EndGlobalSection
EndGlobal
